// !$*UTF8*$!
{
	archiveVersion = 1;
	classes = {
	};
	objectVersion = 51;
	objects = {

/* Begin PBXBuildFile section */
		B90E11FA23B15C370088824F /* AppDelegate.swift in Sources */ = {isa = PBXBuildFile; fileRef = B90E11F923B15C370088824F /* AppDelegate.swift */; };
		B90E11FC23B15C370088824F /* ViewController.swift in Sources */ = {isa = PBXBuildFile; fileRef = B90E11FB23B15C370088824F /* ViewController.swift */; };
		B90E11FF23B15C370088824F /* Main.storyboard in Resources */ = {isa = PBXBuildFile; fileRef = B90E11FD23B15C370088824F /* Main.storyboard */; };
		B90E120123B15C390088824F /* Assets.xcassets in Resources */ = {isa = PBXBuildFile; fileRef = B90E120023B15C390088824F /* Assets.xcassets */; };
		B90E120423B15C390088824F /* LaunchScreen.storyboard in Resources */ = {isa = PBXBuildFile; fileRef = B90E120223B15C390088824F /* LaunchScreen.storyboard */; };
		B90E120D23B15DD00088824F /* TodayTableViewCell.swift in Sources */ = {isa = PBXBuildFile; fileRef = B90E120B23B15DD00088824F /* TodayTableViewCell.swift */; };
		B90E120E23B15DD00088824F /* TodayTableViewCell.xib in Resources */ = {isa = PBXBuildFile; fileRef = B90E120C23B15DD00088824F /* TodayTableViewCell.xib */; };
		B90E121123B15F020088824F /* DayTableViewCell.swift in Sources */ = {isa = PBXBuildFile; fileRef = B90E120F23B15F020088824F /* DayTableViewCell.swift */; };
		B90E121223B15F020088824F /* DayTableViewCell.xib in Resources */ = {isa = PBXBuildFile; fileRef = B90E121023B15F020088824F /* DayTableViewCell.xib */; };
		B90E121423B171A90088824F /* ApiServices.swift in Sources */ = {isa = PBXBuildFile; fileRef = B90E121323B171A90088824F /* ApiServices.swift */; };
		B90E121623B1775A0088824F /* WeatherData.swift in Sources */ = {isa = PBXBuildFile; fileRef = B90E121523B1775A0088824F /* WeatherData.swift */; };
		B927545C23B3E00500E180CA /* SecondController.swift in Sources */ = {isa = PBXBuildFile; fileRef = B927545B23B3E00500E180CA /* SecondController.swift */; };
		B92BA80123B424AA00559A8D /* WeatherSomeData.swift in Sources */ = {isa = PBXBuildFile; fileRef = B92BA80023B424AA00559A8D /* WeatherSomeData.swift */; };
		B92BA80A23B447C500559A8D /* SomeDayCell.swift in Sources */ = {isa = PBXBuildFile; fileRef = B92BA80823B447C500559A8D /* SomeDayCell.swift */; };
		B92BA80B23B447C500559A8D /* SomeDayCell.xib in Resources */ = {isa = PBXBuildFile; fileRef = B92BA80923B447C500559A8D /* SomeDayCell.xib */; };
		FA0217886E7828CE41701196 /* Pods_Weather.framework in Frameworks */ = {isa = PBXBuildFile; fileRef = C868E138A7B6C083278FF73E /* Pods_Weather.framework */; };
/* End PBXBuildFile section */

/* Begin PBXFileReference section */
		394D2254B0F99BDD055CA7ED /* Pods-Weather.debug.xcconfig */ = {isa = PBXFileReference; includeInIndex = 1; lastKnownFileType = text.xcconfig; name = "Pods-Weather.debug.xcconfig"; path = "Target Support Files/Pods-Weather/Pods-Weather.debug.xcconfig"; sourceTree = "<group>"; };
		3DD87C176B1CCBA4803A5CA9 /* Pods-Weather.release.xcconfig */ = {isa = PBXFileReference; includeInIndex = 1; lastKnownFileType = text.xcconfig; name = "Pods-Weather.release.xcconfig"; path = "Target Support Files/Pods-Weather/Pods-Weather.release.xcconfig"; sourceTree = "<group>"; };
		B90E11F623B15C370088824F /* Weather.app */ = {isa = PBXFileReference; explicitFileType = wrapper.application; includeInIndex = 0; path = Weather.app; sourceTree = BUILT_PRODUCTS_DIR; };
		B90E11F923B15C370088824F /* AppDelegate.swift */ = {isa = PBXFileReference; lastKnownFileType = sourcecode.swift; path = AppDelegate.swift; sourceTree = "<group>"; };
		B90E11FB23B15C370088824F /* ViewController.swift */ = {isa = PBXFileReference; lastKnownFileType = sourcecode.swift; path = ViewController.swift; sourceTree = "<group>"; };
		B90E11FE23B15C370088824F /* Base */ = {isa = PBXFileReference; lastKnownFileType = file.storyboard; name = Base; path = Base.lproj/Main.storyboard; sourceTree = "<group>"; };
		B90E120023B15C390088824F /* Assets.xcassets */ = {isa = PBXFileReference; lastKnownFileType = folder.assetcatalog; path = Assets.xcassets; sourceTree = "<group>"; };
		B90E120323B15C390088824F /* Base */ = {isa = PBXFileReference; lastKnownFileType = file.storyboard; name = Base; path = Base.lproj/LaunchScreen.storyboard; sourceTree = "<group>"; };
		B90E120523B15C390088824F /* Info.plist */ = {isa = PBXFileReference; lastKnownFileType = text.plist.xml; path = Info.plist; sourceTree = "<group>"; };
		B90E120B23B15DD00088824F /* TodayTableViewCell.swift */ = {isa = PBXFileReference; lastKnownFileType = sourcecode.swift; path = TodayTableViewCell.swift; sourceTree = "<group>"; };
		B90E120C23B15DD00088824F /* TodayTableViewCell.xib */ = {isa = PBXFileReference; lastKnownFileType = file.xib; path = TodayTableViewCell.xib; sourceTree = "<group>"; };
		B90E120F23B15F020088824F /* DayTableViewCell.swift */ = {isa = PBXFileReference; lastKnownFileType = sourcecode.swift; path = DayTableViewCell.swift; sourceTree = "<group>"; };
		B90E121023B15F020088824F /* DayTableViewCell.xib */ = {isa = PBXFileReference; lastKnownFileType = file.xib; path = DayTableViewCell.xib; sourceTree = "<group>"; };
		B90E121323B171A90088824F /* ApiServices.swift */ = {isa = PBXFileReference; lastKnownFileType = sourcecode.swift; path = ApiServices.swift; sourceTree = "<group>"; };
		B90E121523B1775A0088824F /* WeatherData.swift */ = {isa = PBXFileReference; lastKnownFileType = sourcecode.swift; path = WeatherData.swift; sourceTree = "<group>"; };
		B927545B23B3E00500E180CA /* SecondController.swift */ = {isa = PBXFileReference; lastKnownFileType = sourcecode.swift; path = SecondController.swift; sourceTree = "<group>"; };
		B92BA80023B424AA00559A8D /* WeatherSomeData.swift */ = {isa = PBXFileReference; lastKnownFileType = sourcecode.swift; path = WeatherSomeData.swift; sourceTree = "<group>"; };
		B92BA80823B447C500559A8D /* SomeDayCell.swift */ = {isa = PBXFileReference; lastKnownFileType = sourcecode.swift; path = SomeDayCell.swift; sourceTree = "<group>"; };
		B92BA80923B447C500559A8D /* SomeDayCell.xib */ = {isa = PBXFileReference; lastKnownFileType = file.xib; path = SomeDayCell.xib; sourceTree = "<group>"; };
		C868E138A7B6C083278FF73E /* Pods_Weather.framework */ = {isa = PBXFileReference; explicitFileType = wrapper.framework; includeInIndex = 0; path = Pods_Weather.framework; sourceTree = BUILT_PRODUCTS_DIR; };
/* End PBXFileReference section */

/* Begin PBXFrameworksBuildPhase section */
		B90E11F323B15C370088824F /* Frameworks */ = {
			isa = PBXFrameworksBuildPhase;
			buildActionMask = 2147483647;
			files = (
				FA0217886E7828CE41701196 /* Pods_Weather.framework in Frameworks */,
			);
			runOnlyForDeploymentPostprocessing = 0;
		};
/* End PBXFrameworksBuildPhase section */

/* Begin PBXGroup section */
		1247D63BB7F86972697C9983 /* Pods */ = {
			isa = PBXGroup;
			children = (
				394D2254B0F99BDD055CA7ED /* Pods-Weather.debug.xcconfig */,
				3DD87C176B1CCBA4803A5CA9 /* Pods-Weather.release.xcconfig */,
			);
			path = Pods;
			sourceTree = "<group>";
		};
		B1203299CC8A3A06AE7F9302 /* Frameworks */ = {
			isa = PBXGroup;
			children = (
				C868E138A7B6C083278FF73E /* Pods_Weather.framework */,
			);
			name = Frameworks;
			sourceTree = "<group>";
		};
		B90E11ED23B15C370088824F = {
			isa = PBXGroup;
			children = (
				B90E11F823B15C370088824F /* Weather */,
				B90E11F723B15C370088824F /* Products */,
				1247D63BB7F86972697C9983 /* Pods */,
				B1203299CC8A3A06AE7F9302 /* Frameworks */,
			);
			sourceTree = "<group>";
		};
		B90E11F723B15C370088824F /* Products */ = {
			isa = PBXGroup;
			children = (
				B90E11F623B15C370088824F /* Weather.app */,
			);
			name = Products;
			sourceTree = "<group>";
		};
		B90E11F823B15C370088824F /* Weather */ = {
			isa = PBXGroup;
			children = (
				B90E11FB23B15C370088824F /* ViewController.swift */,
				B927545B23B3E00500E180CA /* SecondController.swift */,
				B90E11FD23B15C370088824F /* Main.storyboard */,
				B92BA80823B447C500559A8D /* SomeDayCell.swift */,
				B92BA80923B447C500559A8D /* SomeDayCell.xib */,
				B90E120F23B15F020088824F /* DayTableViewCell.swift */,
				B90E121023B15F020088824F /* DayTableViewCell.xib */,
				B90E120B23B15DD00088824F /* TodayTableViewCell.swift */,
				B90E120C23B15DD00088824F /* TodayTableViewCell.xib */,
				B90E121323B171A90088824F /* ApiServices.swift */,
				B90E121523B1775A0088824F /* WeatherData.swift */,
				B92BA80023B424AA00559A8D /* WeatherSomeData.swift */,
				B90E120223B15C390088824F /* LaunchScreen.storyboard */,
				B90E11F923B15C370088824F /* AppDelegate.swift */,
				B90E120023B15C390088824F /* Assets.xcassets */,
				B90E120523B15C390088824F /* Info.plist */,
			);
			path = Weather;
			sourceTree = "<group>";
		};
/* End PBXGroup section */

/* Begin PBXNativeTarget section */
		B90E11F523B15C370088824F /* Weather */ = {
			isa = PBXNativeTarget;
			buildConfigurationList = B90E120823B15C390088824F /* Build configuration list for PBXNativeTarget "Weather" */;
			buildPhases = (
				D5D3BA41806F9AEBA7B198A0 /* [CP] Check Pods Manifest.lock */,
				B90E11F223B15C370088824F /* Sources */,
				B90E11F323B15C370088824F /* Frameworks */,
				B90E11F423B15C370088824F /* Resources */,
				963D0D39D74082242E7A99C1 /* [CP] Embed Pods Frameworks */,
			);
			buildRules = (
			);
			dependencies = (
			);
			name = Weather;
			productName = Weather;
			productReference = B90E11F623B15C370088824F /* Weather.app */;
			productType = "com.apple.product-type.application";
		};
/* End PBXNativeTarget section */

/* Begin PBXProject section */
		B90E11EE23B15C370088824F /* Project object */ = {
			isa = PBXProject;
			attributes = {
				LastSwiftUpdateCheck = 1010;
				LastUpgradeCheck = 1010;
				ORGANIZATIONNAME = "Tim Ferens";
				TargetAttributes = {
					B90E11F523B15C370088824F = {
						CreatedOnToolsVersion = 10.1;
					};
				};
			};
			buildConfigurationList = B90E11F123B15C370088824F /* Build configuration list for PBXProject "Weather" */;
			compatibilityVersion = "Xcode 9.3";
			developmentRegion = en;
			hasScannedForEncodings = 0;
			knownRegions = (
				en,
				Base,
			);
			mainGroup = B90E11ED23B15C370088824F;
			productRefGroup = B90E11F723B15C370088824F /* Products */;
			projectDirPath = "";
			projectRoot = "";
			targets = (
				B90E11F523B15C370088824F /* Weather */,
			);
		};
/* End PBXProject section */

/* Begin PBXResourcesBuildPhase section */
		B90E11F423B15C370088824F /* Resources */ = {
			isa = PBXResourcesBuildPhase;
			buildActionMask = 2147483647;
			files = (
				B90E120423B15C390088824F /* LaunchScreen.storyboard in Resources */,
				B90E120123B15C390088824F /* Assets.xcassets in Resources */,
				B92BA80B23B447C500559A8D /* SomeDayCell.xib in Resources */,
				B90E120E23B15DD00088824F /* TodayTableViewCell.xib in Resources */,
				B90E121223B15F020088824F /* DayTableViewCell.xib in Resources */,
				B90E11FF23B15C370088824F /* Main.storyboard in Resources */,
			);
			runOnlyForDeploymentPostprocessing = 0;
		};
/* End PBXResourcesBuildPhase section */

/* Begin PBXShellScriptBuildPhase section */
		963D0D39D74082242E7A99C1 /* [CP] Embed Pods Frameworks */ = {
			isa = PBXShellScriptBuildPhase;
			buildActionMask = 2147483647;
			files = (
			);
			inputFileListPaths = (
				"${PODS_ROOT}/Target Support Files/Pods-Weather/Pods-Weather-frameworks-${CONFIGURATION}-input-files.xcfilelist",
			);
			name = "[CP] Embed Pods Frameworks";
			outputFileListPaths = (
				"${PODS_ROOT}/Target Support Files/Pods-Weather/Pods-Weather-frameworks-${CONFIGURATION}-output-files.xcfilelist",
			);
			runOnlyForDeploymentPostprocessing = 0;
			shellPath = /bin/sh;
			shellScript = "\"${PODS_ROOT}/Target Support Files/Pods-Weather/Pods-Weather-frameworks.sh\"\n";
			showEnvVarsInLog = 0;
		};
		D5D3BA41806F9AEBA7B198A0 /* [CP] Check Pods Manifest.lock */ = {
			isa = PBXShellScriptBuildPhase;
			buildActionMask = 2147483647;
			files = (
			);
			inputFileListPaths = (
			);
			inputPaths = (
				"${PODS_PODFILE_DIR_PATH}/Podfile.lock",
				"${PODS_ROOT}/Manifest.lock",
			);
			name = "[CP] Check Pods Manifest.lock";
			outputFileListPaths = (
			);
			outputPaths = (
				"$(DERIVED_FILE_DIR)/Pods-Weather-checkManifestLockResult.txt",
			);
			runOnlyForDeploymentPostprocessing = 0;
			shellPath = /bin/sh;
			shellScript = "diff \"${PODS_PODFILE_DIR_PATH}/Podfile.lock\" \"${PODS_ROOT}/Manifest.lock\" > /dev/null\nif [ $? != 0 ] ; then\n    # print error to STDERR\n    echo \"error: The sandbox is not in sync with the Podfile.lock. Run 'pod install' or update your CocoaPods installation.\" >&2\n    exit 1\nfi\n# This output is used by Xcode 'outputs' to avoid re-running this script phase.\necho \"SUCCESS\" > \"${SCRIPT_OUTPUT_FILE_0}\"\n";
			showEnvVarsInLog = 0;
		};
/* End PBXShellScriptBuildPhase section */

/* Begin PBXSourcesBuildPhase section */
		B90E11F223B15C370088824F /* Sources */ = {
			isa = PBXSourcesBuildPhase;
			buildActionMask = 2147483647;
			files = (
				B927545C23B3E00500E180CA /* SecondController.swift in Sources */,
				B90E11FC23B15C370088824F /* ViewController.swift in Sources */,
				B90E120D23B15DD00088824F /* TodayTableViewCell.swift in Sources */,
				B90E121123B15F020088824F /* DayTableViewCell.swift in Sources */,
				B90E11FA23B15C370088824F /* AppDelegate.swift in Sources */,
				B90E121623B1775A0088824F /* WeatherData.swift in Sources */,
				B92BA80123B424AA00559A8D /* WeatherSomeData.swift in Sources */,
				B90E121423B171A90088824F /* ApiServices.swift in Sources */,
				B92BA80A23B447C500559A8D /* SomeDayCell.swift in Sources */,
			);
			runOnlyForDeploymentPostprocessing = 0;
		};
/* End PBXSourcesBuildPhase section */

/* Begin PBXVariantGroup section */
		B90E11FD23B15C370088824F /* Main.storyboard */ = {
			isa = PBXVariantGroup;
			children = (
				B90E11FE23B15C370088824F /* Base */,
			);
			name = Main.storyboard;
			sourceTree = "<group>";
		};
		B90E120223B15C390088824F /* LaunchScreen.storyboard */ = {
			isa = PBXVariantGroup;
			children = (
				B90E120323B15C390088824F /* Base */,
			);
			name = LaunchScreen.storyboard;
			sourceTree = "<group>";
		};
/* End PBXVariantGroup section */

/* Begin XCBuildConfiguration section */
		B90E120623B15C390088824F /* Debug */ = {
			isa = XCBuildConfiguration;
			buildSettings = {
				ALWAYS_SEARCH_USER_PATHS = NO;
				CLANG_ANALYZER_NONNULL = YES;
				CLANG_ANALYZER_NUMBER_OBJECT_CONVERSION = YES_AGGRESSIVE;
				CLANG_CXX_LANGUAGE_STANDARD = "gnu++14";
				CLANG_CXX_LIBRARY = "libc++";
				CLANG_ENABLE_MODULES = YES;
				CLANG_ENABLE_OBJC_ARC = YES;
				CLANG_ENABLE_OBJC_WEAK = YES;
				CLANG_WARN_BLOCK_CAPTURE_AUTORELEASING = YES;
				CLANG_WARN_BOOL_CONVERSION = YES;
				CLANG_WARN_COMMA = YES;
				CLANG_WARN_CONSTANT_CONVERSION = YES;
				CLANG_WARN_DEPRECATED_OBJC_IMPLEMENTATIONS = YES;
				CLANG_WARN_DIRECT_OBJC_ISA_USAGE = YES_ERROR;
				CLANG_WARN_DOCUMENTATION_COMMENTS = YES;
				CLANG_WARN_EMPTY_BODY = YES;
				CLANG_WARN_ENUM_CONVERSION = YES;
				CLANG_WARN_INFINITE_RECURSION = YES;
				CLANG_WARN_INT_CONVERSION = YES;
				CLANG_WARN_NON_LITERAL_NULL_CONVERSION = YES;
				CLANG_WARN_OBJC_IMPLICIT_RETAIN_SELF = YES;
				CLANG_WARN_OBJC_LITERAL_CONVERSION = YES;
				CLANG_WARN_OBJC_ROOT_CLASS = YES_ERROR;
				CLANG_WARN_RANGE_LOOP_ANALYSIS = YES;
				CLANG_WARN_STRICT_PROTOTYPES = YES;
				CLANG_WARN_SUSPICIOUS_MOVE = YES;
				CLANG_WARN_UNGUARDED_AVAILABILITY = YES_AGGRESSIVE;
				CLANG_WARN_UNREACHABLE_CODE = YES;
				CLANG_WARN__DUPLICATE_METHOD_MATCH = YES;
				CODE_SIGN_IDENTITY = "iPhone Developer";
				COPY_PHASE_STRIP = NO;
				DEBUG_INFORMATION_FORMAT = dwarf;
				ENABLE_STRICT_OBJC_MSGSEND = YES;
				ENABLE_TESTABILITY = YES;
				GCC_C_LANGUAGE_STANDARD = gnu11;
				GCC_DYNAMIC_NO_PIC = NO;
				GCC_NO_COMMON_BLOCKS = YES;
				GCC_OPTIMIZATION_LEVEL = 0;
				GCC_PREPROCESSOR_DEFINITIONS = (
					"DEBUG=1",
					"$(inherited)",
				);
				GCC_WARN_64_TO_32_BIT_CONVERSION = YES;
				GCC_WARN_ABOUT_RETURN_TYPE = YES_ERROR;
				GCC_WARN_UNDECLARED_SELECTOR = YES;
				GCC_WARN_UNINITIALIZED_AUTOS = YES_AGGRESSIVE;
				GCC_WARN_UNUSED_FUNCTION = YES;
				GCC_WARN_UNUSED_VARIABLE = YES;
				IPHONEOS_DEPLOYMENT_TARGET = 12.1;
				MTL_ENABLE_DEBUG_INFO = INCLUDE_SOURCE;
				MTL_FAST_MATH = YES;
				ONLY_ACTIVE_ARCH = YES;
				SDKROOT = iphoneos;
				SWIFT_ACTIVE_COMPILATION_CONDITIONS = DEBUG;
				SWIFT_OPTIMIZATION_LEVEL = "-Onone";
			};
			name = Debug;
		};
		B90E120723B15C390088824F /* Release */ = {
			isa = XCBuildConfiguration;
			buildSettings = {
				ALWAYS_SEARCH_USER_PATHS = NO;
				CLANG_ANALYZER_NONNULL = YES;
				CLANG_ANALYZER_NUMBER_OBJECT_CONVERSION = YES_AGGRESSIVE;
				CLANG_CXX_LANGUAGE_STANDARD = "gnu++14";
				CLANG_CXX_LIBRARY = "libc++";
				CLANG_ENABLE_MODULES = YES;
				CLANG_ENABLE_OBJC_ARC = YES;
				CLANG_ENABLE_OBJC_WEAK = YES;
				CLANG_WARN_BLOCK_CAPTURE_AUTORELEASING = YES;
				CLANG_WARN_BOOL_CONVERSION = YES;
				CLANG_WARN_COMMA = YES;
				CLANG_WARN_CONSTANT_CONVERSION = YES;
				CLANG_WARN_DEPRECATED_OBJC_IMPLEMENTATIONS = YES;
				CLANG_WARN_DIRECT_OBJC_ISA_USAGE = YES_ERROR;
				CLANG_WARN_DOCUMENTATION_COMMENTS = YES;
				CLANG_WARN_EMPTY_BODY = YES;
				CLANG_WARN_ENUM_CONVERSION = YES;
				CLANG_WARN_INFINITE_RECURSION = YES;
				CLANG_WARN_INT_CONVERSION = YES;
				CLANG_WARN_NON_LITERAL_NULL_CONVERSION = YES;
				CLANG_WARN_OBJC_IMPLICIT_RETAIN_SELF = YES;
				CLANG_WARN_OBJC_LITERAL_CONVERSION = YES;
				CLANG_WARN_OBJC_ROOT_CLASS = YES_ERROR;
				CLANG_WARN_RANGE_LOOP_ANALYSIS = YES;
				CLANG_WARN_STRICT_PROTOTYPES = YES;
				CLANG_WARN_SUSPICIOUS_MOVE = YES;
				CLANG_WARN_UNGUARDED_AVAILABILITY = YES_AGGRESSIVE;
				CLANG_WARN_UNREACHABLE_CODE = YES;
				CLANG_WARN__DUPLICATE_METHOD_MATCH = YES;
				CODE_SIGN_IDENTITY = "iPhone Developer";
				COPY_PHASE_STRIP = NO;
				DEBUG_INFORMATION_FORMAT = "dwarf-with-dsym";
				ENABLE_NS_ASSERTIONS = NO;
				ENABLE_STRICT_OBJC_MSGSEND = YES;
				GCC_C_LANGUAGE_STANDARD = gnu11;
				GCC_NO_COMMON_BLOCKS = YES;
				GCC_WARN_64_TO_32_BIT_CONVERSION = YES;
				GCC_WARN_ABOUT_RETURN_TYPE = YES_ERROR;
				GCC_WARN_UNDECLARED_SELECTOR = YES;
				GCC_WARN_UNINITIALIZED_AUTOS = YES_AGGRESSIVE;
				GCC_WARN_UNUSED_FUNCTION = YES;
				GCC_WARN_UNUSED_VARIABLE = YES;
				IPHONEOS_DEPLOYMENT_TARGET = 12.1;
				MTL_ENABLE_DEBUG_INFO = NO;
				MTL_FAST_MATH = YES;
				SDKROOT = iphoneos;
				SWIFT_COMPILATION_MODE = wholemodule;
				SWIFT_OPTIMIZATION_LEVEL = "-O";
				VALIDATE_PRODUCT = YES;
			};
			name = Release;
		};
		B90E120923B15C390088824F /* Debug */ = {
			isa = XCBuildConfiguration;
			baseConfigurationReference = 394D2254B0F99BDD055CA7ED /* Pods-Weather.debug.xcconfig */;
			buildSettings = {
				ASSETCATALOG_COMPILER_APPICON_NAME = AppIcon;
				CODE_SIGN_STYLE = Automatic;
				INFOPLIST_FILE = Weather/Info.plist;
				LD_RUNPATH_SEARCH_PATHS = (
					"$(inherited)",
					"@executable_path/Frameworks",
				);
				PRODUCT_BUNDLE_IDENTIFIER = MayWork.Weather;
				PRODUCT_NAME = "$(TARGET_NAME)";
				SWIFT_VERSION = 4.2;
				TARGETED_DEVICE_FAMILY = "1,2";
			};
			name = Debug;
		};
		B90E120A23B15C390088824F /* Release */ = {
			isa = XCBuildConfiguration;
			baseConfigurationReference = 3DD87C176B1CCBA4803A5CA9 /* Pods-Weather.release.xcconfig */;
			buildSettings = {
				ASSETCATALOG_COMPILER_APPICON_NAME = AppIcon;
				CODE_SIGN_STYLE = Automatic;
				INFOPLIST_FILE = Weather/Info.plist;
				LD_RUNPATH_SEARCH_PATHS = (
					"$(inherited)",
					"@executable_path/Frameworks",
				);
				PRODUCT_BUNDLE_IDENTIFIER = MayWork.Weather;
				PRODUCT_NAME = "$(TARGET_NAME)";
				SWIFT_VERSION = 4.2;
				TARGETED_DEVICE_FAMILY = "1,2";
			};
			name = Release;
		};
/* End XCBuildConfiguration section */

/* Begin XCConfigurationList section */
		B90E11F123B15C370088824F /* Build configuration list for PBXProject "Weather" */ = {
			isa = XCConfigurationList;
			buildConfigurations = (
				B90E120623B15C390088824F /* Debug */,
				B90E120723B15C390088824F /* Release */,
			);
			defaultConfigurationIsVisible = 0;
			defaultConfigurationName = Release;
		};
		B90E120823B15C390088824F /* Build configuration list for PBXNativeTarget "Weather" */ = {
			isa = XCConfigurationList;
			buildConfigurations = (
				B90E120923B15C390088824F /* Debug */,
				B90E120A23B15C390088824F /* Release */,
			);
			defaultConfigurationIsVisible = 0;
			defaultConfigurationName = Release;
		};
/* End XCConfigurationList section */
	};
	rootObject = B90E11EE23B15C370088824F /* Project object */;
}
